
Microsoft Visual Studio Solution File, Format Version 12.00
# Visual Studio 15
VisualStudioVersion = 15.0.26430.6
MinimumVisualStudioVersion = 10.0.40219.1
Project("{FAE04EC0-301F-11D3-BF4B-00C04F79EFBC}") = "ChayaBot", "ChayaBot\ChayaBot.csproj", "{209D6706-37C8-43BE-AF84-60B719F8697D}"
EndProject
Project("{2150E333-8FDC-42A3-9474-1A3956D46DE8}") = "Tools", "Tools", "{A6650919-1EC9-4411-A956-896497750135}"
EndProject
Project("{FAE04EC0-301F-11D3-BF4B-00C04F79EFBC}") = "Utilities", "Utilities\Utilities.csproj", "{6AEECD67-B593-4CD1-BE8F-E27214E41EE6}"
EndProject
Global
	GlobalSection(SolutionConfigurationPlatforms) = preSolution
		Debug|Any CPU = Debug|Any CPU
		Release|Any CPU = Release|Any CPU
	EndGlobalSection
	GlobalSection(ProjectConfigurationPlatforms) = postSolution
		{209D6706-37C8-43BE-AF84-60B719F8697D}.Debug|Any CPU.ActiveCfg = Debug|Any CPU
		{209D6706-37C8-43BE-AF84-60B719F8697D}.Debug|Any CPU.Build.0 = Debug|Any CPU
		{209D6706-37C8-43BE-AF84-60B719F8697D}.Release|Any CPU.ActiveCfg = Release|Any CPU
		{209D6706-37C8-43BE-AF84-60B719F8697D}.Release|Any CPU.Build.0 = Release|Any CPU
		{6AEECD67-B593-4CD1-BE8F-E27214E41EE6}.Debug|Any CPU.ActiveCfg = Debug|Any CPU
		{6AEECD67-B593-4CD1-BE8F-E27214E41EE6}.Debug|Any CPU.Build.0 = Debug|Any CPU
		{6AEECD67-B593-4CD1-BE8F-E27214E41EE6}.Release|Any CPU.ActiveCfg = Release|Any CPU
		{6AEECD67-B593-4CD1-BE8F-E27214E41EE6}.Release|Any CPU.Build.0 = Release|Any CPU
	EndGlobalSection
	GlobalSection(SolutionProperties) = preSolution
		HideSolutionNode = FALSE
	EndGlobalSection
	GlobalSection(NestedProjects) = preSolution
		{6AEECD67-B593-4CD1-BE8F-E27214E41EE6} = {A6650919-1EC9-4411-A956-896497750135}
	EndGlobalSection
EndGlobal
